
Microsoft Visual Studio Solution File, Format Version 12.00
# Visual Studio Version 17
VisualStudioVersion = 17.0.31903.59
MinimumVisualStudioVersion = 10.0.40219.1
Project("{FAE04EC0-301F-11D3-BF4B-00C04F79EFBC}") = "PeopleRegistration.Api", "PeopleRegistration.Api\PeopleRegistration.Api.csproj", "{F19606E6-BF01-440F-AAA4-E195C30C413F}"
EndProject
Project("{FAE04EC0-301F-11D3-BF4B-00C04F79EFBC}") = "PeopleRegistration.Domain", "PeopleRegistration.Domain\PeopleRegistration.Domain.csproj", "{3597077B-2ACD-4B9F-A90F-790BE9B2E51A}"
EndProject
Project("{FAE04EC0-301F-11D3-BF4B-00C04F79EFBC}") = "PeopleRegistration.Infra", "PeopleRegistration.Infra\PeopleRegistration.Infra.csproj", "{791A6901-EC2A-4732-8B73-B5E14B67EB79}"
EndProject
Project("{FAE04EC0-301F-11D3-BF4B-00C04F79EFBC}") = "PeopleRegistration.Tests", "PeopleRegistration.Tests\PeopleRegistration.Tests.csproj", "{8405F4E0-5476-410C-8AFE-0206288ACE54}"
EndProject
Global
	GlobalSection(SolutionConfigurationPlatforms) = preSolution
		Debug|Any CPU = Debug|Any CPU
		Release|Any CPU = Release|Any CPU
	EndGlobalSection
	GlobalSection(SolutionProperties) = preSolution
		HideSolutionNode = FALSE
	EndGlobalSection
	GlobalSection(ProjectConfigurationPlatforms) = postSolution
		{F19606E6-BF01-440F-AAA4-E195C30C413F}.Debug|Any CPU.ActiveCfg = Debug|Any CPU
		{F19606E6-BF01-440F-AAA4-E195C30C413F}.Debug|Any CPU.Build.0 = Debug|Any CPU
		{F19606E6-BF01-440F-AAA4-E195C30C413F}.Release|Any CPU.ActiveCfg = Release|Any CPU
		{F19606E6-BF01-440F-AAA4-E195C30C413F}.Release|Any CPU.Build.0 = Release|Any CPU
		{3597077B-2ACD-4B9F-A90F-790BE9B2E51A}.Debug|Any CPU.ActiveCfg = Debug|Any CPU
		{3597077B-2ACD-4B9F-A90F-790BE9B2E51A}.Debug|Any CPU.Build.0 = Debug|Any CPU
		{3597077B-2ACD-4B9F-A90F-790BE9B2E51A}.Release|Any CPU.ActiveCfg = Release|Any CPU
		{3597077B-2ACD-4B9F-A90F-790BE9B2E51A}.Release|Any CPU.Build.0 = Release|Any CPU
		{791A6901-EC2A-4732-8B73-B5E14B67EB79}.Debug|Any CPU.ActiveCfg = Debug|Any CPU
		{791A6901-EC2A-4732-8B73-B5E14B67EB79}.Debug|Any CPU.Build.0 = Debug|Any CPU
		{791A6901-EC2A-4732-8B73-B5E14B67EB79}.Release|Any CPU.ActiveCfg = Release|Any CPU
		{791A6901-EC2A-4732-8B73-B5E14B67EB79}.Release|Any CPU.Build.0 = Release|Any CPU
		{8405F4E0-5476-410C-8AFE-0206288ACE54}.Debug|Any CPU.ActiveCfg = Debug|Any CPU
		{8405F4E0-5476-410C-8AFE-0206288ACE54}.Debug|Any CPU.Build.0 = Debug|Any CPU
		{8405F4E0-5476-410C-8AFE-0206288ACE54}.Release|Any CPU.ActiveCfg = Release|Any CPU
		{8405F4E0-5476-410C-8AFE-0206288ACE54}.Release|Any CPU.Build.0 = Release|Any CPU
	EndGlobalSection
EndGlobal
